
Microsoft Visual Studio Solution File, Format Version 12.00
# Visual Studio Version 17
VisualStudioVersion = 17.5.33530.505
MinimumVisualStudioVersion = 10.0.40219.1
Project("{9A19103F-16F7-4668-BE54-9A1E7A4F7556}") = "FacturacionElectronica", "FacturacionElectronica\FacturacionElectronica.csproj", "{0A401E50-2B84-4749-B1BB-352956121B42}"
EndProject
Project("{FAE04EC0-301F-11D3-BF4B-00C04F79EFBC}") = "Controlador", "Controlador\Controlador.csproj", "{413020EC-AC8E-4A22-8712-4243C8052E9D}"
EndProject
Project("{FAE04EC0-301F-11D3-BF4B-00C04F79EFBC}") = "Modelo", "Modelo\Modelo.csproj", "{0879E23B-C729-4358-93E2-CC8E16677EF5}"
EndProject
Project("{FAE04EC0-301F-11D3-BF4B-00C04F79EFBC}") = "Servicios", "Servicios\Servicios.csproj", "{A3E1F731-1A27-4917-B1C8-021AB3344FCF}"
EndProject
Project("{2150E333-8FDC-42A3-9474-1A3956D46DE8}") = "Escritorio", "Escritorio", "{6DB44ABE-97BD-4C00-857F-DFE34619DCC5}"
EndProject
Project("{2150E333-8FDC-42A3-9474-1A3956D46DE8}") = "Web", "Web", "{F394E9DA-3B46-4F59-8976-A4A6BAF5C694}"
EndProject
Project("{FAE04EC0-301F-11D3-BF4B-00C04F79EFBC}") = "Utilidades", "Utilidades\Utilidades.csproj", "{12B39667-FF8B-49D4-B079-33ED171A17E9}"
EndProject
Project("{FAE04EC0-301F-11D3-BF4B-00C04F79EFBC}") = "FacturacionElectronicaFrm", "FacturacionElectronicaFrm\FacturacionElectronicaFrm.csproj", "{7D944F78-0AC2-4EAC-9D53-DB7C00EA5BF2}"
EndProject
Global
	GlobalSection(SolutionConfigurationPlatforms) = preSolution
		Debug|Any CPU = Debug|Any CPU
		Release|Any CPU = Release|Any CPU
	EndGlobalSection
	GlobalSection(ProjectConfigurationPlatforms) = postSolution
		{0A401E50-2B84-4749-B1BB-352956121B42}.Debug|Any CPU.ActiveCfg = Debug|Any CPU
		{0A401E50-2B84-4749-B1BB-352956121B42}.Debug|Any CPU.Build.0 = Debug|Any CPU
		{0A401E50-2B84-4749-B1BB-352956121B42}.Release|Any CPU.ActiveCfg = Release|Any CPU
		{0A401E50-2B84-4749-B1BB-352956121B42}.Release|Any CPU.Build.0 = Release|Any CPU
		{413020EC-AC8E-4A22-8712-4243C8052E9D}.Debug|Any CPU.ActiveCfg = Debug|Any CPU
		{413020EC-AC8E-4A22-8712-4243C8052E9D}.Debug|Any CPU.Build.0 = Debug|Any CPU
		{413020EC-AC8E-4A22-8712-4243C8052E9D}.Release|Any CPU.ActiveCfg = Release|Any CPU
		{413020EC-AC8E-4A22-8712-4243C8052E9D}.Release|Any CPU.Build.0 = Release|Any CPU
		{0879E23B-C729-4358-93E2-CC8E16677EF5}.Debug|Any CPU.ActiveCfg = Debug|Any CPU
		{0879E23B-C729-4358-93E2-CC8E16677EF5}.Debug|Any CPU.Build.0 = Debug|Any CPU
		{0879E23B-C729-4358-93E2-CC8E16677EF5}.Release|Any CPU.ActiveCfg = Release|Any CPU
		{0879E23B-C729-4358-93E2-CC8E16677EF5}.Release|Any CPU.Build.0 = Release|Any CPU
		{A3E1F731-1A27-4917-B1C8-021AB3344FCF}.Debug|Any CPU.ActiveCfg = Debug|Any CPU
		{A3E1F731-1A27-4917-B1C8-021AB3344FCF}.Debug|Any CPU.Build.0 = Debug|Any CPU
		{A3E1F731-1A27-4917-B1C8-021AB3344FCF}.Release|Any CPU.ActiveCfg = Release|Any CPU
		{A3E1F731-1A27-4917-B1C8-021AB3344FCF}.Release|Any CPU.Build.0 = Release|Any CPU
		{12B39667-FF8B-49D4-B079-33ED171A17E9}.Debug|Any CPU.ActiveCfg = Debug|Any CPU
		{12B39667-FF8B-49D4-B079-33ED171A17E9}.Debug|Any CPU.Build.0 = Debug|Any CPU
		{12B39667-FF8B-49D4-B079-33ED171A17E9}.Release|Any CPU.ActiveCfg = Release|Any CPU
		{12B39667-FF8B-49D4-B079-33ED171A17E9}.Release|Any CPU.Build.0 = Release|Any CPU
		{7D944F78-0AC2-4EAC-9D53-DB7C00EA5BF2}.Debug|Any CPU.ActiveCfg = Debug|Any CPU
		{7D944F78-0AC2-4EAC-9D53-DB7C00EA5BF2}.Debug|Any CPU.Build.0 = Debug|Any CPU
		{7D944F78-0AC2-4EAC-9D53-DB7C00EA5BF2}.Release|Any CPU.ActiveCfg = Release|Any CPU
		{7D944F78-0AC2-4EAC-9D53-DB7C00EA5BF2}.Release|Any CPU.Build.0 = Release|Any CPU
	EndGlobalSection
	GlobalSection(SolutionProperties) = preSolution
		HideSolutionNode = FALSE
	EndGlobalSection
	GlobalSection(NestedProjects) = preSolution
		{0A401E50-2B84-4749-B1BB-352956121B42} = {F394E9DA-3B46-4F59-8976-A4A6BAF5C694}
		{413020EC-AC8E-4A22-8712-4243C8052E9D} = {6DB44ABE-97BD-4C00-857F-DFE34619DCC5}
		{0879E23B-C729-4358-93E2-CC8E16677EF5} = {6DB44ABE-97BD-4C00-857F-DFE34619DCC5}
		{A3E1F731-1A27-4917-B1C8-021AB3344FCF} = {6DB44ABE-97BD-4C00-857F-DFE34619DCC5}
		{12B39667-FF8B-49D4-B079-33ED171A17E9} = {6DB44ABE-97BD-4C00-857F-DFE34619DCC5}
		{7D944F78-0AC2-4EAC-9D53-DB7C00EA5BF2} = {6DB44ABE-97BD-4C00-857F-DFE34619DCC5}
	EndGlobalSection
	GlobalSection(ExtensibilityGlobals) = postSolution
		SolutionGuid = {65ADAECB-A1AA-4A2A-9FBC-23ABDE473AA2}
	EndGlobalSection
EndGlobal
